
Microsoft Visual Studio Solution File, Format Version 12.00
Project("{FAE04EC0-301F-11D3-BF4B-00C04F79EFBC}") = "Password manager", "Password manager\Password manager.csproj", "{FCA7DF71-F2F8-4BDF-AEBC-DB29554223D9}"
EndProject
Global
	GlobalSection(SolutionConfigurationPlatforms) = preSolution
		Debug|Any CPU = Debug|Any CPU
		Release|Any CPU = Release|Any CPU
	EndGlobalSection
	GlobalSection(ProjectConfigurationPlatforms) = postSolution
		{FCA7DF71-F2F8-4BDF-AEBC-DB29554223D9}.Debug|Any CPU.ActiveCfg = Debug|Any CPU
		{FCA7DF71-F2F8-4BDF-AEBC-DB29554223D9}.Debug|Any CPU.Build.0 = Debug|Any CPU
		{FCA7DF71-F2F8-4BDF-AEBC-DB29554223D9}.Release|Any CPU.ActiveCfg = Release|Any CPU
		{FCA7DF71-F2F8-4BDF-AEBC-DB29554223D9}.Release|Any CPU.Build.0 = Release|Any CPU
	EndGlobalSection
EndGlobal
